
Microsoft Visual Studio Solution File, Format Version 12.00
# Visual Studio Version 17
VisualStudioVersion = 17.4.33122.133
MinimumVisualStudioVersion = 10.0.40219.1
Project("{FAE04EC0-301F-11D3-BF4B-00C04F79EFBC}") = "WebAppThales", "WebAppThales\WebAppThales.csproj", "{3E26997C-9C0D-431B-A2BF-5FC5CE32AD77}"
EndProject
Global
	GlobalSection(SolutionConfigurationPlatforms) = preSolution
		Debug|Any CPU = Debug|Any CPU
		Release|Any CPU = Release|Any CPU
	EndGlobalSection
	GlobalSection(ProjectConfigurationPlatforms) = postSolution
		{3E26997C-9C0D-431B-A2BF-5FC5CE32AD77}.Debug|Any CPU.ActiveCfg = Debug|Any CPU
		{3E26997C-9C0D-431B-A2BF-5FC5CE32AD77}.Debug|Any CPU.Build.0 = Debug|Any CPU
		{3E26997C-9C0D-431B-A2BF-5FC5CE32AD77}.Release|Any CPU.ActiveCfg = Release|Any CPU
		{3E26997C-9C0D-431B-A2BF-5FC5CE32AD77}.Release|Any CPU.Build.0 = Release|Any CPU
	EndGlobalSection
	GlobalSection(SolutionProperties) = preSolution
		HideSolutionNode = FALSE
	EndGlobalSection
	GlobalSection(ExtensibilityGlobals) = postSolution
		SolutionGuid = {31196603-4A5A-4FF5-9BF0-9D76275B589A}
	EndGlobalSection
EndGlobal
